
Microsoft Visual Studio Solution File, Format Version 12.00
# Visual Studio 15
VisualStudioVersion = 15.0.28307.136
MinimumVisualStudioVersion = 10.0.40219.1
Project("{FAE04EC0-301F-11D3-BF4B-00C04F79EFBC}") = "zendesk-ticket-export", "zendesk-ticket-export\zendesk-ticket-export.csproj", "{37F59172-297C-4459-9E6E-554790B687B9}"
EndProject
Global
	GlobalSection(SolutionConfigurationPlatforms) = preSolution
		Debug|Any CPU = Debug|Any CPU
		Release|Any CPU = Release|Any CPU
	EndGlobalSection
	GlobalSection(ProjectConfigurationPlatforms) = postSolution
		{37F59172-297C-4459-9E6E-554790B687B9}.Debug|Any CPU.ActiveCfg = Debug|Any CPU
		{37F59172-297C-4459-9E6E-554790B687B9}.Debug|Any CPU.Build.0 = Debug|Any CPU
		{37F59172-297C-4459-9E6E-554790B687B9}.Release|Any CPU.ActiveCfg = Release|Any CPU
		{37F59172-297C-4459-9E6E-554790B687B9}.Release|Any CPU.Build.0 = Release|Any CPU
	EndGlobalSection
	GlobalSection(SolutionProperties) = preSolution
		HideSolutionNode = FALSE
	EndGlobalSection
	GlobalSection(ExtensibilityGlobals) = postSolution
		SolutionGuid = {42D35EDF-9BD7-4C64-82CE-AE29C9676E50}
	EndGlobalSection
EndGlobal
